
Microsoft Visual Studio Solution File, Format Version 12.00
# Visual Studio Version 17
VisualStudioVersion = 17.9.34607.119
MinimumVisualStudioVersion = 10.0.40219.1
Project("{FAE04EC0-301F-11D3-BF4B-00C04F79EFBC}") = "TokenHandler", "TokenHandler.csproj", "{B9EBCE1B-81AD-414D-AE34-364572E702B4}"
EndProject
Global
	GlobalSection(SolutionConfigurationPlatforms) = preSolution
		Debug|Any CPU = Debug|Any CPU
		Release|Any CPU = Release|Any CPU
	EndGlobalSection
	GlobalSection(ProjectConfigurationPlatforms) = postSolution
		{B9EBCE1B-81AD-414D-AE34-364572E702B4}.Debug|Any CPU.ActiveCfg = Debug|Any CPU
		{B9EBCE1B-81AD-414D-AE34-364572E702B4}.Debug|Any CPU.Build.0 = Debug|Any CPU
		{B9EBCE1B-81AD-414D-AE34-364572E702B4}.Release|Any CPU.ActiveCfg = Release|Any CPU
		{B9EBCE1B-81AD-414D-AE34-364572E702B4}.Release|Any CPU.Build.0 = Release|Any CPU
	EndGlobalSection
	GlobalSection(SolutionProperties) = preSolution
		HideSolutionNode = FALSE
	EndGlobalSection
	GlobalSection(ExtensibilityGlobals) = postSolution
		SolutionGuid = {18761B7E-B9F2-4384-9FEA-C9ECBAF41880}
	EndGlobalSection
EndGlobal
